
Microsoft Visual Studio Solution File, Format Version 12.00
# Visual Studio Version 17
VisualStudioVersion = 17.4.33205.214
MinimumVisualStudioVersion = 10.0.40219.1
Project("{FAE04EC0-301F-11D3-BF4B-00C04F79EFBC}") = "rock-paper-scissors-anything", "rock-paper-scissors-anything\rock-paper-scissors-anything.csproj", "{9E5410B7-8530-4CED-802A-69E43591B289}"
EndProject
Global
	GlobalSection(SolutionConfigurationPlatforms) = preSolution
		Debug|Any CPU = Debug|Any CPU
		Release|Any CPU = Release|Any CPU
	EndGlobalSection
	GlobalSection(ProjectConfigurationPlatforms) = postSolution
		{9E5410B7-8530-4CED-802A-69E43591B289}.Debug|Any CPU.ActiveCfg = Debug|Any CPU
		{9E5410B7-8530-4CED-802A-69E43591B289}.Debug|Any CPU.Build.0 = Debug|Any CPU
		{9E5410B7-8530-4CED-802A-69E43591B289}.Release|Any CPU.ActiveCfg = Release|Any CPU
		{9E5410B7-8530-4CED-802A-69E43591B289}.Release|Any CPU.Build.0 = Release|Any CPU
	EndGlobalSection
	GlobalSection(SolutionProperties) = preSolution
		HideSolutionNode = FALSE
	EndGlobalSection
	GlobalSection(ExtensibilityGlobals) = postSolution
		SolutionGuid = {6CF64F64-B95E-4BE1-A7E0-574316802122}
	EndGlobalSection
EndGlobal
